
Microsoft Visual Studio Solution File, Format Version 12.00
# Visual Studio Version 17
VisualStudioVersion = 17.7.34031.279
MinimumVisualStudioVersion = 10.0.40219.1
Project("{FAE04EC0-301F-11D3-BF4B-00C04F79EFBC}") = "CW3 File Handling", "CW3 File Handling\CW3 File Handling.csproj", "{619C3F21-7B50-415A-A9B5-F5E898F7488C}"
EndProject
Global
	GlobalSection(SolutionConfigurationPlatforms) = preSolution
		Debug|Any CPU = Debug|Any CPU
		Release|Any CPU = Release|Any CPU
	EndGlobalSection
	GlobalSection(ProjectConfigurationPlatforms) = postSolution
		{619C3F21-7B50-415A-A9B5-F5E898F7488C}.Debug|Any CPU.ActiveCfg = Debug|Any CPU
		{619C3F21-7B50-415A-A9B5-F5E898F7488C}.Debug|Any CPU.Build.0 = Debug|Any CPU
		{619C3F21-7B50-415A-A9B5-F5E898F7488C}.Release|Any CPU.ActiveCfg = Release|Any CPU
		{619C3F21-7B50-415A-A9B5-F5E898F7488C}.Release|Any CPU.Build.0 = Release|Any CPU
	EndGlobalSection
	GlobalSection(SolutionProperties) = preSolution
		HideSolutionNode = FALSE
	EndGlobalSection
	GlobalSection(ExtensibilityGlobals) = postSolution
		SolutionGuid = {CE189477-8369-4370-96D1-CE1856F1F150}
	EndGlobalSection
EndGlobal
